Microsoft Visual Studio Solution File, Format Version 12.00
# Visual Studio Version 17
VisualStudioVersion = 17.5.2.0
MinimumVisualStudioVersion = 10.0.40219.1
Project("{FAE04EC0-301F-11D3-BF4B-00C04F79EFBC}") = "TicTacToe", "TicTacToe\TicTacToe.csproj", "{6DCF5BF1-4DDB-E550-9CCB-7C7534CD0E49}"
EndProject
Global
	GlobalSection(SolutionConfigurationPlatforms) = preSolution
		Debug|Any CPU = Debug|Any CPU
		Release|Any CPU = Release|Any CPU
	EndGlobalSection
	GlobalSection(ProjectConfigurationPlatforms) = postSolution
		{6DCF5BF1-4DDB-E550-9CCB-7C7534CD0E49}.Debug|Any CPU.ActiveCfg = Debug|Any CPU
		{6DCF5BF1-4DDB-E550-9CCB-7C7534CD0E49}.Debug|Any CPU.Build.0 = Debug|Any CPU
		{6DCF5BF1-4DDB-E550-9CCB-7C7534CD0E49}.Release|Any CPU.ActiveCfg = Release|Any CPU
		{6DCF5BF1-4DDB-E550-9CCB-7C7534CD0E49}.Release|Any CPU.Build.0 = Release|Any CPU
	EndGlobalSection
	GlobalSection(SolutionProperties) = preSolution
		HideSolutionNode = FALSE
	EndGlobalSection
	GlobalSection(ExtensibilityGlobals) = postSolution
		SolutionGuid = {9DB66BD4-3FA8-4998-87F2-69CE95999F5E}
	EndGlobalSection
EndGlobal
